{
  "name": "badminton",
  "lockfileVersion": 3,
  "requires": true,
  "packages": {
    "": {
      "dependencies": {
        "v-click-outside": "^3.2.0"
      }
    },
    "node_modules/v-click-outside": {
      "version": "3.2.0",
      "resolved": "https://registry.npmjs.org/v-click-outside/-/v-click-outside-3.2.0.tgz",
      "integrity": "sha512-QD0bDy38SHJXQBjgnllmkI/rbdiwmq9RC+/+pvrFjYJKTn8dtp7Penf9q1lLBta280fYG2q53mgLhQ+3l3z74w==",
      "engines": {
        "node": ">=6"
      }
    }
  }
}
